
Microsoft Visual Studio Solution File, Format Version 12.00
# Visual Studio 15
VisualStudioVersion = 15.0.28307.168
MinimumVisualStudioVersion = 10.0.40219.1
Project("{FAE04EC0-301F-11D3-BF4B-00C04F79EFBC}") = "HASHCODE_2019", "HASHCODE_2019\HASHCODE_2019.csproj", "{BF998BDF-8C4D-4E77-842E-5A9889F07494}"
EndProject
Global
	GlobalSection(SolutionConfigurationPlatforms) = preSolution
		Debug|Any CPU = Debug|Any CPU
		Release|Any CPU = Release|Any CPU
	EndGlobalSection
	GlobalSection(ProjectConfigurationPlatforms) = postSolution
		{BF998BDF-8C4D-4E77-842E-5A9889F07494}.Debug|Any CPU.ActiveCfg = Debug|Any CPU
		{BF998BDF-8C4D-4E77-842E-5A9889F07494}.Debug|Any CPU.Build.0 = Debug|Any CPU
		{BF998BDF-8C4D-4E77-842E-5A9889F07494}.Release|Any CPU.ActiveCfg = Release|Any CPU
		{BF998BDF-8C4D-4E77-842E-5A9889F07494}.Release|Any CPU.Build.0 = Release|Any CPU
	EndGlobalSection
	GlobalSection(SolutionProperties) = preSolution
		HideSolutionNode = FALSE
	EndGlobalSection
	GlobalSection(ExtensibilityGlobals) = postSolution
		SolutionGuid = {9ABC652D-69CB-4BFA-9042-1BEA2A9D01A3}
	EndGlobalSection
EndGlobal
